
Microsoft Visual Studio Solution File, Format Version 12.00
# Visual Studio 15
VisualStudioVersion = 15.0.28307.1169
MinimumVisualStudioVersion = 10.0.40219.1
Project("{2150E333-8FDC-42A3-9474-1A3956D46DE8}") = "Solution Items", "Solution Items", "{A1BA0DC2-258F-489C-8EAE-E97432CA556F}"
	ProjectSection(SolutionItems) = preProject
		decoupling_exercise\Main.cpp = decoupling_exercise\Main.cpp
		decoupling_exercise\makefile = decoupling_exercise\makefile
		decoupling_exercise\Person.cpp = decoupling_exercise\Person.cpp
		decoupling_exercise\Person.hpp = decoupling_exercise\Person.hpp
		decoupling_exercise\PersonDao.cpp = decoupling_exercise\PersonDao.cpp
		decoupling_exercise\PersonDao.hpp = decoupling_exercise\PersonDao.hpp
	EndProjectSection
EndProject
Global
	GlobalSection(SolutionProperties) = preSolution
		HideSolutionNode = FALSE
	EndGlobalSection
	GlobalSection(ExtensibilityGlobals) = postSolution
		SolutionGuid = {D3751513-BA96-4053-9A53-60DD715AC59F}
	EndGlobalSection
EndGlobal
